
Microsoft Visual Studio Solution File, Format Version 12.00
# Visual Studio Version 17
VisualStudioVersion = 17.8.34511.84
MinimumVisualStudioVersion = 10.0.40219.1
Project("{FAE04EC0-301F-11D3-BF4B-00C04F79EFBC}") = "1006", "1006.csproj", "{07E02B53-48A9-4012-83B7-980C054872A5}"
EndProject
Global
	GlobalSection(SolutionConfigurationPlatforms) = preSolution
		Debug|Any CPU = Debug|Any CPU
		Release|Any CPU = Release|Any CPU
	EndGlobalSection
	GlobalSection(ProjectConfigurationPlatforms) = postSolution
		{07E02B53-48A9-4012-83B7-980C054872A5}.Debug|Any CPU.ActiveCfg = Debug|Any CPU
		{07E02B53-48A9-4012-83B7-980C054872A5}.Debug|Any CPU.Build.0 = Debug|Any CPU
		{07E02B53-48A9-4012-83B7-980C054872A5}.Release|Any CPU.ActiveCfg = Release|Any CPU
		{07E02B53-48A9-4012-83B7-980C054872A5}.Release|Any CPU.Build.0 = Release|Any CPU
	EndGlobalSection
	GlobalSection(SolutionProperties) = preSolution
		HideSolutionNode = FALSE
	EndGlobalSection
	GlobalSection(ExtensibilityGlobals) = postSolution
		SolutionGuid = {2ED3F852-1511-4BD4-86B0-50CBC3A3AAD7}
	EndGlobalSection
EndGlobal
