
Microsoft Visual Studio Solution File, Format Version 12.00
# Visual Studio Version 17
VisualStudioVersion = 17.9.34607.119
MinimumVisualStudioVersion = 10.0.40219.1
Project("{FAE04EC0-301F-11D3-BF4B-00C04F79EFBC}") = "1047", "1047.csproj", "{134B5D11-32F8-4DB4-9F7A-51402DF78075}"
EndProject
Global
	GlobalSection(SolutionConfigurationPlatforms) = preSolution
		Debug|Any CPU = Debug|Any CPU
		Release|Any CPU = Release|Any CPU
	EndGlobalSection
	GlobalSection(ProjectConfigurationPlatforms) = postSolution
		{134B5D11-32F8-4DB4-9F7A-51402DF78075}.Debug|Any CPU.ActiveCfg = Debug|Any CPU
		{134B5D11-32F8-4DB4-9F7A-51402DF78075}.Debug|Any CPU.Build.0 = Debug|Any CPU
		{134B5D11-32F8-4DB4-9F7A-51402DF78075}.Release|Any CPU.ActiveCfg = Release|Any CPU
		{134B5D11-32F8-4DB4-9F7A-51402DF78075}.Release|Any CPU.Build.0 = Release|Any CPU
	EndGlobalSection
	GlobalSection(SolutionProperties) = preSolution
		HideSolutionNode = FALSE
	EndGlobalSection
	GlobalSection(ExtensibilityGlobals) = postSolution
		SolutionGuid = {7E3CB099-0FC7-426D-B3D3-7D53E9ABC62F}
	EndGlobalSection
EndGlobal
