
Microsoft Visual Studio Solution File, Format Version 12.00
# Visual Studio Version 17
VisualStudioVersion = 17.9.34607.119
MinimumVisualStudioVersion = 10.0.40219.1
Project("{FAE04EC0-301F-11D3-BF4B-00C04F79EFBC}") = "1146", "1146.csproj", "{72B5D45D-E3AD-4F0A-B9D6-F58C963C34BC}"
EndProject
Global
	GlobalSection(SolutionConfigurationPlatforms) = preSolution
		Debug|Any CPU = Debug|Any CPU
		Release|Any CPU = Release|Any CPU
	EndGlobalSection
	GlobalSection(ProjectConfigurationPlatforms) = postSolution
		{72B5D45D-E3AD-4F0A-B9D6-F58C963C34BC}.Debug|Any CPU.ActiveCfg = Debug|Any CPU
		{72B5D45D-E3AD-4F0A-B9D6-F58C963C34BC}.Debug|Any CPU.Build.0 = Debug|Any CPU
		{72B5D45D-E3AD-4F0A-B9D6-F58C963C34BC}.Release|Any CPU.ActiveCfg = Release|Any CPU
		{72B5D45D-E3AD-4F0A-B9D6-F58C963C34BC}.Release|Any CPU.Build.0 = Release|Any CPU
	EndGlobalSection
	GlobalSection(SolutionProperties) = preSolution
		HideSolutionNode = FALSE
	EndGlobalSection
	GlobalSection(ExtensibilityGlobals) = postSolution
		SolutionGuid = {DD0AFAE9-D057-451B-BA37-7EBCA2C2F1D4}
	EndGlobalSection
EndGlobal
