
Microsoft Visual Studio Solution File, Format Version 12.00
# Visual Studio Version 17
VisualStudioVersion = 17.9.34607.119
MinimumVisualStudioVersion = 10.0.40219.1
Project("{FAE04EC0-301F-11D3-BF4B-00C04F79EFBC}") = "1045", "1045.csproj", "{06FE97D0-B400-4AA4-8E33-2F805FE7E95D}"
EndProject
Global
	GlobalSection(SolutionConfigurationPlatforms) = preSolution
		Debug|Any CPU = Debug|Any CPU
		Release|Any CPU = Release|Any CPU
	EndGlobalSection
	GlobalSection(ProjectConfigurationPlatforms) = postSolution
		{06FE97D0-B400-4AA4-8E33-2F805FE7E95D}.Debug|Any CPU.ActiveCfg = Debug|Any CPU
		{06FE97D0-B400-4AA4-8E33-2F805FE7E95D}.Debug|Any CPU.Build.0 = Debug|Any CPU
		{06FE97D0-B400-4AA4-8E33-2F805FE7E95D}.Release|Any CPU.ActiveCfg = Release|Any CPU
		{06FE97D0-B400-4AA4-8E33-2F805FE7E95D}.Release|Any CPU.Build.0 = Release|Any CPU
	EndGlobalSection
	GlobalSection(SolutionProperties) = preSolution
		HideSolutionNode = FALSE
	EndGlobalSection
	GlobalSection(ExtensibilityGlobals) = postSolution
		SolutionGuid = {764F4131-4DDF-44C8-B797-757B01588FEF}
	EndGlobalSection
EndGlobal
