
Microsoft Visual Studio Solution File, Format Version 12.00
# Visual Studio Version 17
VisualStudioVersion = 17.9.34607.119
MinimumVisualStudioVersion = 10.0.40219.1
Project("{FAE04EC0-301F-11D3-BF4B-00C04F79EFBC}") = "1042", "1042.csproj", "{49AF2F2F-18EF-480D-B27B-38FAEE9611EC}"
EndProject
Global
	GlobalSection(SolutionConfigurationPlatforms) = preSolution
		Debug|Any CPU = Debug|Any CPU
		Release|Any CPU = Release|Any CPU
	EndGlobalSection
	GlobalSection(ProjectConfigurationPlatforms) = postSolution
		{49AF2F2F-18EF-480D-B27B-38FAEE9611EC}.Debug|Any CPU.ActiveCfg = Debug|Any CPU
		{49AF2F2F-18EF-480D-B27B-38FAEE9611EC}.Debug|Any CPU.Build.0 = Debug|Any CPU
		{49AF2F2F-18EF-480D-B27B-38FAEE9611EC}.Release|Any CPU.ActiveCfg = Release|Any CPU
		{49AF2F2F-18EF-480D-B27B-38FAEE9611EC}.Release|Any CPU.Build.0 = Release|Any CPU
	EndGlobalSection
	GlobalSection(SolutionProperties) = preSolution
		HideSolutionNode = FALSE
	EndGlobalSection
	GlobalSection(ExtensibilityGlobals) = postSolution
		SolutionGuid = {F53E2ACF-8581-449F-86AF-59C56BF1ED19}
	EndGlobalSection
EndGlobal
