
Microsoft Visual Studio Solution File, Format Version 12.00
# Visual Studio Version 17
VisualStudioVersion = 17.9.34607.119
MinimumVisualStudioVersion = 10.0.40219.1
Project("{FAE04EC0-301F-11D3-BF4B-00C04F79EFBC}") = "1116", "1116.csproj", "{55EEDE1B-5573-44B1-88BF-1C54BBF7D2B9}"
EndProject
Global
	GlobalSection(SolutionConfigurationPlatforms) = preSolution
		Debug|Any CPU = Debug|Any CPU
		Release|Any CPU = Release|Any CPU
	EndGlobalSection
	GlobalSection(ProjectConfigurationPlatforms) = postSolution
		{55EEDE1B-5573-44B1-88BF-1C54BBF7D2B9}.Debug|Any CPU.ActiveCfg = Debug|Any CPU
		{55EEDE1B-5573-44B1-88BF-1C54BBF7D2B9}.Debug|Any CPU.Build.0 = Debug|Any CPU
		{55EEDE1B-5573-44B1-88BF-1C54BBF7D2B9}.Release|Any CPU.ActiveCfg = Release|Any CPU
		{55EEDE1B-5573-44B1-88BF-1C54BBF7D2B9}.Release|Any CPU.Build.0 = Release|Any CPU
	EndGlobalSection
	GlobalSection(SolutionProperties) = preSolution
		HideSolutionNode = FALSE
	EndGlobalSection
	GlobalSection(ExtensibilityGlobals) = postSolution
		SolutionGuid = {33EE5259-7A98-452C-A655-67000BCF918C}
	EndGlobalSection
EndGlobal
